
Microsoft Visual Studio Solution File, Format Version 12.00
# Visual Studio 15
VisualStudioVersion = 15.0.27130.2020
MinimumVisualStudioVersion = 10.0.40219.1
Project("{8BC9CEB8-8B4A-11D0-8D11-00A0C91BC942}") = "Question-1", "Devoir1-INFO3103\Devoir1-INFO3103.vcxproj", "{6E70A44C-AF39-4ACD-8339-0703637B89CE}"
EndProject
Project("{8BC9CEB8-8B4A-11D0-8D11-00A0C91BC942}") = "Question-2", "Question-2\Question-2.vcxproj", "{8130E4BC-5591-4513-9B87-7C401B7C3C9D}"
EndProject
Project("{8BC9CEB8-8B4A-11D0-8D11-00A0C91BC942}") = "Question-3", "Question-3\Question-3.vcxproj", "{706F5281-6E0F-46EE-AAC9-EFEF0BFB9127}"
EndProject
Project("{8BC9CEB8-8B4A-11D0-8D11-00A0C91BC942}") = "Question-4", "Question-4\Question-4.vcxproj", "{858C1FCD-92B4-4CE1-AA92-BA641D72EFDD}"
EndProject
Project("{8BC9CEB8-8B4A-11D0-8D11-00A0C91BC942}") = "Question-5", "Question-5\Question-5.vcxproj", "{85EDEDF1-4054-4007-BF0E-B10F7D042BB6}"
EndProject
Project("{8BC9CEB8-8B4A-11D0-8D11-00A0C91BC942}") = "Question-6", "Question-6\Question-6.vcxproj", "{E28D0E5D-D3A6-46B8-B4ED-0B70562D70A4}"
EndProject
Global
	GlobalSection(SolutionConfigurationPlatforms) = preSolution
		Debug|x64 = Debug|x64
		Debug|x86 = Debug|x86
		Release|x64 = Release|x64
		Release|x86 = Release|x86
	EndGlobalSection
	GlobalSection(ProjectConfigurationPlatforms) = postSolution
		{6E70A44C-AF39-4ACD-8339-0703637B89CE}.Debug|x64.ActiveCfg = Debug|x64
		{6E70A44C-AF39-4ACD-8339-0703637B89CE}.Debug|x64.Build.0 = Debug|x64
		{6E70A44C-AF39-4ACD-8339-0703637B89CE}.Debug|x86.ActiveCfg = Debug|Win32
		{6E70A44C-AF39-4ACD-8339-0703637B89CE}.Debug|x86.Build.0 = Debug|Win32
		{6E70A44C-AF39-4ACD-8339-0703637B89CE}.Release|x64.ActiveCfg = Release|x64
		{6E70A44C-AF39-4ACD-8339-0703637B89CE}.Release|x64.Build.0 = Release|x64
		{6E70A44C-AF39-4ACD-8339-0703637B89CE}.Release|x86.ActiveCfg = Release|Win32
		{6E70A44C-AF39-4ACD-8339-0703637B89CE}.Release|x86.Build.0 = Release|Win32
		{8130E4BC-5591-4513-9B87-7C401B7C3C9D}.Debug|x64.ActiveCfg = Debug|x64
		{8130E4BC-5591-4513-9B87-7C401B7C3C9D}.Debug|x64.Build.0 = Debug|x64
		{8130E4BC-5591-4513-9B87-7C401B7C3C9D}.Debug|x86.ActiveCfg = Debug|Win32
		{8130E4BC-5591-4513-9B87-7C401B7C3C9D}.Debug|x86.Build.0 = Debug|Win32
		{8130E4BC-5591-4513-9B87-7C401B7C3C9D}.Release|x64.ActiveCfg = Release|x64
		{8130E4BC-5591-4513-9B87-7C401B7C3C9D}.Release|x64.Build.0 = Release|x64
		{8130E4BC-5591-4513-9B87-7C401B7C3C9D}.Release|x86.ActiveCfg = Release|Win32
		{8130E4BC-5591-4513-9B87-7C401B7C3C9D}.Release|x86.Build.0 = Release|Win32
		{706F5281-6E0F-46EE-AAC9-EFEF0BFB9127}.Debug|x64.ActiveCfg = Debug|x64
		{706F5281-6E0F-46EE-AAC9-EFEF0BFB9127}.Debug|x64.Build.0 = Debug|x64
		{706F5281-6E0F-46EE-AAC9-EFEF0BFB9127}.Debug|x86.ActiveCfg = Debug|Win32
		{706F5281-6E0F-46EE-AAC9-EFEF0BFB9127}.Debug|x86.Build.0 = Debug|Win32
		{706F5281-6E0F-46EE-AAC9-EFEF0BFB9127}.Release|x64.ActiveCfg = Release|x64
		{706F5281-6E0F-46EE-AAC9-EFEF0BFB9127}.Release|x64.Build.0 = Release|x64
		{706F5281-6E0F-46EE-AAC9-EFEF0BFB9127}.Release|x86.ActiveCfg = Release|Win32
		{706F5281-6E0F-46EE-AAC9-EFEF0BFB9127}.Release|x86.Build.0 = Release|Win32
		{858C1FCD-92B4-4CE1-AA92-BA641D72EFDD}.Debug|x64.ActiveCfg = Debug|x64
		{858C1FCD-92B4-4CE1-AA92-BA641D72EFDD}.Debug|x64.Build.0 = Debug|x64
		{858C1FCD-92B4-4CE1-AA92-BA641D72EFDD}.Debug|x86.ActiveCfg = Debug|Win32
		{858C1FCD-92B4-4CE1-AA92-BA641D72EFDD}.Debug|x86.Build.0 = Debug|Win32
		{858C1FCD-92B4-4CE1-AA92-BA641D72EFDD}.Release|x64.ActiveCfg = Release|x64
		{858C1FCD-92B4-4CE1-AA92-BA641D72EFDD}.Release|x64.Build.0 = Release|x64
		{858C1FCD-92B4-4CE1-AA92-BA641D72EFDD}.Release|x86.ActiveCfg = Release|Win32
		{858C1FCD-92B4-4CE1-AA92-BA641D72EFDD}.Release|x86.Build.0 = Release|Win32
		{85EDEDF1-4054-4007-BF0E-B10F7D042BB6}.Debug|x64.ActiveCfg = Debug|x64
		{85EDEDF1-4054-4007-BF0E-B10F7D042BB6}.Debug|x64.Build.0 = Debug|x64
		{85EDEDF1-4054-4007-BF0E-B10F7D042BB6}.Debug|x86.ActiveCfg = Debug|Win32
		{85EDEDF1-4054-4007-BF0E-B10F7D042BB6}.Debug|x86.Build.0 = Debug|Win32
		{85EDEDF1-4054-4007-BF0E-B10F7D042BB6}.Release|x64.ActiveCfg = Release|x64
		{85EDEDF1-4054-4007-BF0E-B10F7D042BB6}.Release|x64.Build.0 = Release|x64
		{85EDEDF1-4054-4007-BF0E-B10F7D042BB6}.Release|x86.ActiveCfg = Release|Win32
		{85EDEDF1-4054-4007-BF0E-B10F7D042BB6}.Release|x86.Build.0 = Release|Win32
		{E28D0E5D-D3A6-46B8-B4ED-0B70562D70A4}.Debug|x64.ActiveCfg = Debug|x64
		{E28D0E5D-D3A6-46B8-B4ED-0B70562D70A4}.Debug|x64.Build.0 = Debug|x64
		{E28D0E5D-D3A6-46B8-B4ED-0B70562D70A4}.Debug|x86.ActiveCfg = Debug|Win32
		{E28D0E5D-D3A6-46B8-B4ED-0B70562D70A4}.Debug|x86.Build.0 = Debug|Win32
		{E28D0E5D-D3A6-46B8-B4ED-0B70562D70A4}.Release|x64.ActiveCfg = Release|x64
		{E28D0E5D-D3A6-46B8-B4ED-0B70562D70A4}.Release|x64.Build.0 = Release|x64
		{E28D0E5D-D3A6-46B8-B4ED-0B70562D70A4}.Release|x86.ActiveCfg = Release|Win32
		{E28D0E5D-D3A6-46B8-B4ED-0B70562D70A4}.Release|x86.Build.0 = Release|Win32
	EndGlobalSection
	GlobalSection(SolutionProperties) = preSolution
		HideSolutionNode = FALSE
	EndGlobalSection
	GlobalSection(ExtensibilityGlobals) = postSolution
		SolutionGuid = {E4DE0329-ABE4-4D08-A290-C528CAE41171}
	EndGlobalSection
EndGlobal
